// !$*UTF8*$!
{
	archiveVersion = 1;
	classes = {
	};
	objectVersion = 46;
	objects = {

/* Begin PBXBuildFile section */
		6FECE86E1B1DFB980008AB70 /* main.m in Sources */ = {isa = PBXBuildFile; fileRef = 6FECE86D1B1DFB980008AB70 /* main.m */; };
		6FECE8711B1DFB980008AB70 /* AppDelegate.m in Sources */ = {isa = PBXBuildFile; fileRef = 6FECE8701B1DFB980008AB70 /* AppDelegate.m */; };
		6FECE8731B1DFB980008AB70 /* art.scnassets in Resources */ = {isa = PBXBuildFile; fileRef = 6FECE8721B1DFB980008AB70 /* art.scnassets */; };
		6FECE8761B1DFB980008AB70 /* GameViewController.m in Sources */ = {isa = PBXBuildFile; fileRef = 6FECE8751B1DFB980008AB70 /* GameViewController.m */; };
		6FECE8791B1DFB980008AB70 /* Main.storyboard in Resources */ = {isa = PBXBuildFile; fileRef = 6FECE8771B1DFB980008AB70 /* Main.storyboard */; };
		6FECE87B1B1DFB980008AB70 /* Images.xcassets in Resources */ = {isa = PBXBuildFile; fileRef = 6FECE87A1B1DFB980008AB70 /* Images.xcassets */; };
		6FECE87E1B1DFB980008AB70 /* LaunchScreen.xib in Resources */ = {isa = PBXBuildFile; fileRef = 6FECE87C1B1DFB980008AB70 /* LaunchScreen.xib */; };
		6FECE88A1B1DFB980008AB70 /* VRSceneKitTests.m in Sources */ = {isa = PBXBuildFile; fileRef = 6FECE8891B1DFB980008AB70 /* VRSceneKitTests.m */; };
		6FECE8941B1E2C650008AB70 /* CoreMotion.framework in Frameworks */ = {isa = PBXBuildFile; fileRef = 6FECE8931B1E2C650008AB70 /* CoreMotion.framework */; };
/* End PBXBuildFile section */

/* Begin PBXContainerItemProxy section */
		6FECE8841B1DFB980008AB70 /* PBXContainerItemProxy */ = {
			isa = PBXContainerItemProxy;
			containerPortal = 6FECE8601B1DFB970008AB70 /* Project object */;
			proxyType = 1;
			remoteGlobalIDString = 6FECE8671B1DFB980008AB70;
			remoteInfo = VRSceneKit;
		};
/* End PBXContainerItemProxy section */

/* Begin PBXFileReference section */
		6FECE8681B1DFB980008AB70 /* VRSceneKit.app */ = {isa = PBXFileReference; explicitFileType = wrapper.application; includeInIndex = 0; path = VRSceneKit.app; sourceTree = BUILT_PRODUCTS_DIR; };
		6FECE86C1B1DFB980008AB70 /* Info.plist */ = {isa = PBXFileReference; lastKnownFileType = text.plist.xml; path = Info.plist; sourceTree = "<group>"; };
		6FECE86D1B1DFB980008AB70 /* main.m */ = {isa = PBXFileReference; lastKnownFileType = sourcecode.c.objc; path = main.m; sourceTree = "<group>"; };
		6FECE86F1B1DFB980008AB70 /* AppDelegate.h */ = {isa = PBXFileReference; lastKnownFileType = sourcecode.c.h; path = AppDelegate.h; sourceTree = "<group>"; };
		6FECE8701B1DFB980008AB70 /* AppDelegate.m */ = {isa = PBXFileReference; lastKnownFileType = sourcecode.c.objc; path = AppDelegate.m; sourceTree = "<group>"; };
		6FECE8721B1DFB980008AB70 /* art.scnassets */ = {isa = PBXFileReference; lastKnownFileType = wrapper.scnassets; path = art.scnassets; sourceTree = "<group>"; };
		6FECE8741B1DFB980008AB70 /* GameViewController.h */ = {isa = PBXFileReference; lastKnownFileType = sourcecode.c.h; path = GameViewController.h; sourceTree = "<group>"; };
		6FECE8751B1DFB980008AB70 /* GameViewController.m */ = {isa = PBXFileReference; lastKnownFileType = sourcecode.c.objc; path = GameViewController.m; sourceTree = "<group>"; };
		6FECE8781B1DFB980008AB70 /* Base */ = {isa = PBXFileReference; lastKnownFileType = file.storyboard; name = Base; path = Base.lproj/Main.storyboard; sourceTree = "<group>"; };
		6FECE87A1B1DFB980008AB70 /* Images.xcassets */ = {isa = PBXFileReference; lastKnownFileType = folder.assetcatalog; path = Images.xcassets; sourceTree = "<group>"; };
		6FECE87D1B1DFB980008AB70 /* Base */ = {isa = PBXFileReference; lastKnownFileType = file.xib; name = Base; path = Base.lproj/LaunchScreen.xib; sourceTree = "<group>"; };
		6FECE8831B1DFB980008AB70 /* VRSceneKitTests.xctest */ = {isa = PBXFileReference; explicitFileType = wrapper.cfbundle; includeInIndex = 0; path = VRSceneKitTests.xctest; sourceTree = BUILT_PRODUCTS_DIR; };
		6FECE8881B1DFB980008AB70 /* Info.plist */ = {isa = PBXFileReference; lastKnownFileType = text.plist.xml; path = Info.plist; sourceTree = "<group>"; };
		6FECE8891B1DFB980008AB70 /* VRSceneKitTests.m */ = {isa = PBXFileReference; lastKnownFileType = sourcecode.c.objc; path = VRSceneKitTests.m; sourceTree = "<group>"; };
		6FECE8931B1E2C650008AB70 /* CoreMotion.framework */ = {isa = PBXFileReference; lastKnownFileType = wrapper.framework; name = CoreMotion.framework; path = System/Library/Frameworks/CoreMotion.framework; sourceTree = SDKROOT; };
/* End PBXFileReference section */

/* Begin PBXFrameworksBuildPhase section */
		6FECE8651B1DFB980008AB70 /* Frameworks */ = {
			isa = PBXFrameworksBuildPhase;
			buildActionMask = 2147483647;
			files = (
				6FECE8941B1E2C650008AB70 /* CoreMotion.framework in Frameworks */,
			);
			runOnlyForDeploymentPostprocessing = 0;
		};
		6FECE8801B1DFB980008AB70 /* Frameworks */ = {
			isa = PBXFrameworksBuildPhase;
			buildActionMask = 2147483647;
			files = (
			);
			runOnlyForDeploymentPostprocessing = 0;
		};
/* End PBXFrameworksBuildPhase section */

/* Begin PBXGroup section */
		6FECE85F1B1DFB970008AB70 = {
			isa = PBXGroup;
			children = (
				6FECE8931B1E2C650008AB70 /* CoreMotion.framework */,
				6FECE86A1B1DFB980008AB70 /* VRSceneKit */,
				6FECE8861B1DFB980008AB70 /* VRSceneKitTests */,
				6FECE8691B1DFB980008AB70 /* Products */,
			);
			sourceTree = "<group>";
		};
		6FECE8691B1DFB980008AB70 /* Products */ = {
			isa = PBXGroup;
			children = (
				6FECE8681B1DFB980008AB70 /* VRSceneKit.app */,
				6FECE8831B1DFB980008AB70 /* VRSceneKitTests.xctest */,
			);
			name = Products;
			sourceTree = "<group>";
		};
		6FECE86A1B1DFB980008AB70 /* VRSceneKit */ = {
			isa = PBXGroup;
			children = (
				6FECE86F1B1DFB980008AB70 /* AppDelegate.h */,
				6FECE8701B1DFB980008AB70 /* AppDelegate.m */,
				6FECE8721B1DFB980008AB70 /* art.scnassets */,
				6FECE8741B1DFB980008AB70 /* GameViewController.h */,
				6FECE8751B1DFB980008AB70 /* GameViewController.m */,
				6FECE8771B1DFB980008AB70 /* Main.storyboard */,
				6FECE87A1B1DFB980008AB70 /* Images.xcassets */,
				6FECE87C1B1DFB980008AB70 /* LaunchScreen.xib */,
				6FECE86B1B1DFB980008AB70 /* Supporting Files */,
			);
			path = VRSceneKit;
			sourceTree = "<group>";
		};
		6FECE86B1B1DFB980008AB70 /* Supporting Files */ = {
			isa = PBXGroup;
			children = (
				6FECE86C1B1DFB980008AB70 /* Info.plist */,
				6FECE86D1B1DFB980008AB70 /* main.m */,
			);
			name = "Supporting Files";
			sourceTree = "<group>";
		};
		6FECE8861B1DFB980008AB70 /* VRSceneKitTests */ = {
			isa = PBXGroup;
			children = (
				6FECE8891B1DFB980008AB70 /* VRSceneKitTests.m */,
				6FECE8871B1DFB980008AB70 /* Supporting Files */,
			);
			path = VRSceneKitTests;
			sourceTree = "<group>";
		};
		6FECE8871B1DFB980008AB70 /* Supporting Files */ = {
			isa = PBXGroup;
			children = (
				6FECE8881B1DFB980008AB70 /* Info.plist */,
			);
			name = "Supporting Files";
			sourceTree = "<group>";
		};
/* End PBXGroup section */

/* Begin PBXNativeTarget section */
		6FECE8671B1DFB980008AB70 /* VRSceneKit */ = {
			isa = PBXNativeTarget;
			buildConfigurationList = 6FECE88D1B1DFB980008AB70 /* Build configuration list for PBXNativeTarget "VRSceneKit" */;
			buildPhases = (
				6FECE8641B1DFB980008AB70 /* Sources */,
				6FECE8651B1DFB980008AB70 /* Frameworks */,
				6FECE8661B1DFB980008AB70 /* Resources */,
			);
			buildRules = (
			);
			dependencies = (
			);
			name = VRSceneKit;
			productName = VRSceneKit;
			productReference = 6FECE8681B1DFB980008AB70 /* VRSceneKit.app */;
			productType = "com.apple.product-type.application";
		};
		6FECE8821B1DFB980008AB70 /* VRSceneKitTests */ = {
			isa = PBXNativeTarget;
			buildConfigurationList = 6FECE8901B1DFB980008AB70 /* Build configuration list for PBXNativeTarget "VRSceneKitTests" */;
			buildPhases = (
				6FECE87F1B1DFB980008AB70 /* Sources */,
				6FECE8801B1DFB980008AB70 /* Frameworks */,
				6FECE8811B1DFB980008AB70 /* Resources */,
			);
			buildRules = (
			);
			dependencies = (
				6FECE8851B1DFB980008AB70 /* PBXTargetDependency */,
			);
			name = VRSceneKitTests;
			productName = VRSceneKitTests;
			productReference = 6FECE8831B1DFB980008AB70 /* VRSceneKitTests.xctest */;
			productType = "com.apple.product-type.bundle.unit-test";
		};
/* End PBXNativeTarget section */

/* Begin PBXProject section */
		6FECE8601B1DFB970008AB70 /* Project object */ = {
			isa = PBXProject;
			attributes = {
				LastUpgradeCheck = 0630;
				ORGANIZATIONNAME = "Hill, Michael";
				TargetAttributes = {
					6FECE8671B1DFB980008AB70 = {
						CreatedOnToolsVersion = 6.3.2;
					};
					6FECE8821B1DFB980008AB70 = {
						CreatedOnToolsVersion = 6.3.2;
						TestTargetID = 6FECE8671B1DFB980008AB70;
					};
				};
			};
			buildConfigurationList = 6FECE8631B1DFB970008AB70 /* Build configuration list for PBXProject "VRSceneKit" */;
			compatibilityVersion = "Xcode 3.2";
			developmentRegion = English;
			hasScannedForEncodings = 0;
			knownRegions = (
				en,
				Base,
			);
			mainGroup = 6FECE85F1B1DFB970008AB70;
			productRefGroup = 6FECE8691B1DFB980008AB70 /* Products */;
			projectDirPath = "";
			projectRoot = "";
			targets = (
				6FECE8671B1DFB980008AB70 /* VRSceneKit */,
				6FECE8821B1DFB980008AB70 /* VRSceneKitTests */,
			);
		};
/* End PBXProject section */

/* Begin PBXResourcesBuildPhase section */
		6FECE8661B1DFB980008AB70 /* Resources */ = {
			isa = PBXResourcesBuildPhase;
			buildActionMask = 2147483647;
			files = (
				6FECE87E1B1DFB980008AB70 /* LaunchScreen.xib in Resources */,
				6FECE87B1B1DFB980008AB70 /* Images.xcassets in Resources */,
				6FECE8731B1DFB980008AB70 /* art.scnassets in Resources */,
				6FECE8791B1DFB980008AB70 /* Main.storyboard in Resources */,
			);
			runOnlyForDeploymentPostprocessing = 0;
		};
		6FECE8811B1DFB980008AB70 /* Resources */ = {
			isa = PBXResourcesBuildPhase;
			buildActionMask = 2147483647;
			files = (
			);
			runOnlyForDeploymentPostprocessing = 0;
		};
/* End PBXResourcesBuildPhase section */

/* Begin PBXSourcesBuildPhase section */
		6FECE8641B1DFB980008AB70 /* Sources */ = {
			isa = PBXSourcesBuildPhase;
			buildActionMask = 2147483647;
			files = (
				6FECE8711B1DFB980008AB70 /* AppDelegate.m in Sources */,
				6FECE8761B1DFB980008AB70 /* GameViewController.m in Sources */,
				6FECE86E1B1DFB980008AB70 /* main.m in Sources */,
			);
			runOnlyForDeploymentPostprocessing = 0;
		};
		6FECE87F1B1DFB980008AB70 /* Sources */ = {
			isa = PBXSourcesBuildPhase;
			buildActionMask = 2147483647;
			files = (
				6FECE88A1B1DFB980008AB70 /* VRSceneKitTests.m in Sources */,
			);
			runOnlyForDeploymentPostprocessing = 0;
		};
/* End PBXSourcesBuildPhase section */

/* Begin PBXTargetDependency section */
		6FECE8851B1DFB980008AB70 /* PBXTargetDependency */ = {
			isa = PBXTargetDependency;
			target = 6FECE8671B1DFB980008AB70 /* VRSceneKit */;
			targetProxy = 6FECE8841B1DFB980008AB70 /* PBXContainerItemProxy */;
		};
/* End PBXTargetDependency section */

/* Begin PBXVariantGroup section */
		6FECE8771B1DFB980008AB70 /* Main.storyboard */ = {
			isa = PBXVariantGroup;
			children = (
				6FECE8781B1DFB980008AB70 /* Base */,
			);
			name = Main.storyboard;
			sourceTree = "<group>";
		};
		6FECE87C1B1DFB980008AB70 /* LaunchScreen.xib */ = {
			isa = PBXVariantGroup;
			children = (
				6FECE87D1B1DFB980008AB70 /* Base */,
			);
			name = LaunchScreen.xib;
			sourceTree = "<group>";
		};
/* End PBXVariantGroup section */

/* Begin XCBuildConfiguration section */
		6FECE88B1B1DFB980008AB70 /* Debug */ = {
			isa = XCBuildConfiguration;
			buildSettings = {
				ALWAYS_SEARCH_USER_PATHS = NO;
				CLANG_CXX_LANGUAGE_STANDARD = "gnu++0x";
				CLANG_CXX_LIBRARY = "libc++";
				CLANG_ENABLE_MODULES = YES;
				CLANG_ENABLE_OBJC_ARC = YES;
				CLANG_WARN_BOOL_CONVERSION = YES;
				CLANG_WARN_CONSTANT_CONVERSION = YES;
				CLANG_WARN_DIRECT_OBJC_ISA_USAGE = YES_ERROR;
				CLANG_WARN_EMPTY_BODY = YES;
				CLANG_WARN_ENUM_CONVERSION = YES;
				CLANG_WARN_INT_CONVERSION = YES;
				CLANG_WARN_OBJC_ROOT_CLASS = YES_ERROR;
				CLANG_WARN_UNREACHABLE_CODE = YES;
				CLANG_WARN__DUPLICATE_METHOD_MATCH = YES;
				"CODE_SIGN_IDENTITY[sdk=iphoneos*]" = "iPhone Developer";
				COPY_PHASE_STRIP = NO;
				DEBUG_INFORMATION_FORMAT = "dwarf-with-dsym";
				ENABLE_STRICT_OBJC_MSGSEND = YES;
				GCC_C_LANGUAGE_STANDARD = gnu99;
				GCC_DYNAMIC_NO_PIC = NO;
				GCC_NO_COMMON_BLOCKS = YES;
				GCC_OPTIMIZATION_LEVEL = 0;
				GCC_PREPROCESSOR_DEFINITIONS = (
					"DEBUG=1",
					"$(inherited)",
				);
				GCC_SYMBOLS_PRIVATE_EXTERN = NO;
				GCC_WARN_64_TO_32_BIT_CONVERSION = YES;
				GCC_WARN_ABOUT_RETURN_TYPE = YES_ERROR;
				GCC_WARN_UNDECLARED_SELECTOR = YES;
				GCC_WARN_UNINITIALIZED_AUTOS = YES_AGGRESSIVE;
				GCC_WARN_UNUSED_FUNCTION = YES;
				GCC_WARN_UNUSED_VARIABLE = YES;
				IPHONEOS_DEPLOYMENT_TARGET = 8.3;
				MTL_ENABLE_DEBUG_INFO = YES;
				ONLY_ACTIVE_ARCH = YES;
				SDKROOT = iphoneos;
			};
			name = Debug;
		};
		6FECE88C1B1DFB980008AB70 /* Release */ = {
			isa = XCBuildConfiguration;
			buildSettings = {
				ALWAYS_SEARCH_USER_PATHS = NO;
				CLANG_CXX_LANGUAGE_STANDARD = "gnu++0x";
				CLANG_CXX_LIBRARY = "libc++";
				CLANG_ENABLE_MODULES = YES;
				CLANG_ENABLE_OBJC_ARC = YES;
				CLANG_WARN_BOOL_CONVERSION = YES;
				CLANG_WARN_CONSTANT_CONVERSION = YES;
				CLANG_WARN_DIRECT_OBJC_ISA_USAGE = YES_ERROR;
				CLANG_WARN_EMPTY_BODY = YES;
				CLANG_WARN_ENUM_CONVERSION = YES;
				CLANG_WARN_INT_CONVERSION = YES;
				CLANG_WARN_OBJC_ROOT_CLASS = YES_ERROR;
				CLANG_WARN_UNREACHABLE_CODE = YES;
				CLANG_WARN__DUPLICATE_METHOD_MATCH = YES;
				"CODE_SIGN_IDENTITY[sdk=iphoneos*]" = "iPhone Developer";
				COPY_PHASE_STRIP = NO;
				DEBUG_INFORMATION_FORMAT = "dwarf-with-dsym";
				ENABLE_NS_ASSERTIONS = NO;
				ENABLE_STRICT_OBJC_MSGSEND = YES;
				GCC_C_LANGUAGE_STANDARD = gnu99;
				GCC_NO_COMMON_BLOCKS = YES;
				GCC_WARN_64_TO_32_BIT_CONVERSION = YES;
				GCC_WARN_ABOUT_RETURN_TYPE = YES_ERROR;
				GCC_WARN_UNDECLARED_SELECTOR = YES;
				GCC_WARN_UNINITIALIZED_AUTOS = YES_AGGRESSIVE;
				GCC_WARN_UNUSED_FUNCTION = YES;
				GCC_WARN_UNUSED_VARIABLE = YES;
				IPHONEOS_DEPLOYMENT_TARGET = 8.3;
				MTL_ENABLE_DEBUG_INFO = NO;
				SDKROOT = iphoneos;
				VALIDATE_PRODUCT = YES;
			};
			name = Release;
		};
		6FECE88E1B1DFB980008AB70 /* Debug */ = {
			isa = XCBuildConfiguration;
			buildSettings = {
				ASSETCATALOG_COMPILER_APPICON_NAME = AppIcon;
				INFOPLIST_FILE = VRSceneKit/Info.plist;
				LD_RUNPATH_SEARCH_PATHS = "$(inherited) @executable_path/Frameworks";
				PRODUCT_NAME = "$(TARGET_NAME)";
			};
			name = Debug;
		};
		6FECE88F1B1DFB980008AB70 /* Release */ = {
			isa = XCBuildConfiguration;
			buildSettings = {
				ASSETCATALOG_COMPILER_APPICON_NAME = AppIcon;
				INFOPLIST_FILE = VRSceneKit/Info.plist;
				LD_RUNPATH_SEARCH_PATHS = "$(inherited) @executable_path/Frameworks";
				PRODUCT_NAME = "$(TARGET_NAME)";
			};
			name = Release;
		};
		6FECE8911B1DFB980008AB70 /* Debug */ = {
			isa = XCBuildConfiguration;
			buildSettings = {
				BUNDLE_LOADER = "$(TEST_HOST)";
				FRAMEWORK_SEARCH_PATHS = (
					"$(SDKROOT)/Developer/Library/Frameworks",
					"$(inherited)",
				);
				GCC_PREPROCESSOR_DEFINITIONS = (
					"DEBUG=1",
					"$(inherited)",
				);
				INFOPLIST_FILE = VRSceneKitTests/Info.plist;
				LD_RUNPATH_SEARCH_PATHS = "$(inherited) @executable_path/Frameworks @loader_path/Frameworks";
				PRODUCT_NAME = "$(TARGET_NAME)";
				TEST_HOST = "$(BUILT_PRODUCTS_DIR)/VRSceneKit.app/VRSceneKit";
			};
			name = Debug;
		};
		6FECE8921B1DFB980008AB70 /* Release */ = {
			isa = XCBuildConfiguration;
			buildSettings = {
				BUNDLE_LOADER = "$(TEST_HOST)";
				FRAMEWORK_SEARCH_PATHS = (
					"$(SDKROOT)/Developer/Library/Frameworks",
					"$(inherited)",
				);
				INFOPLIST_FILE = VRSceneKitTests/Info.plist;
				LD_RUNPATH_SEARCH_PATHS = "$(inherited) @executable_path/Frameworks @loader_path/Frameworks";
				PRODUCT_NAME = "$(TARGET_NAME)";
				TEST_HOST = "$(BUILT_PRODUCTS_DIR)/VRSceneKit.app/VRSceneKit";
			};
			name = Release;
		};
/* End XCBuildConfiguration section */

/* Begin XCConfigurationList section */
		6FECE8631B1DFB970008AB70 /* Build configuration list for PBXProject "VRSceneKit" */ = {
			isa = XCConfigurationList;
			buildConfigurations = (
				6FECE88B1B1DFB980008AB70 /* Debug */,
				6FECE88C1B1DFB980008AB70 /* Release */,
			);
			defaultConfigurationIsVisible = 0;
			defaultConfigurationName = Release;
		};
		6FECE88D1B1DFB980008AB70 /* Build configuration list for PBXNativeTarget "VRSceneKit" */ = {
			isa = XCConfigurationList;
			buildConfigurations = (
				6FECE88E1B1DFB980008AB70 /* Debug */,
				6FECE88F1B1DFB980008AB70 /* Release */,
			);
			defaultConfigurationIsVisible = 0;
		};
		6FECE8901B1DFB980008AB70 /* Build configuration list for PBXNativeTarget "VRSceneKitTests" */ = {
			isa = XCConfigurationList;
			buildConfigurations = (
				6FECE8911B1DFB980008AB70 /* Debug */,
				6FECE8921B1DFB980008AB70 /* Release */,
			);
			defaultConfigurationIsVisible = 0;
		};
/* End XCConfigurationList section */
	};
	rootObject = 6FECE8601B1DFB970008AB70 /* Project object */;
}
